// !$*UTF8*$!
{
	archiveVersion = 1;
	classes = {
	};
	objectVersion = 46;
	objects = {

/* Begin PBXBuildFile section */
		F34F44FA192C39E900800961 /* Foundation.framework in Frameworks */ = {isa = PBXBuildFile; fileRef = F34F44F9192C39E900800961 /* Foundation.framework */; };
		F34F44FC192C39E900800961 /* CoreGraphics.framework in Frameworks */ = {isa = PBXBuildFile; fileRef = F34F44FB192C39E900800961 /* CoreGraphics.framework */; };
		F34F44FE192C39E900800961 /* UIKit.framework in Frameworks */ = {isa = PBXBuildFile; fileRef = F34F44FD192C39E900800961 /* UIKit.framework */; };
		F34F4504192C39E900800961 /* InfoPlist.strings in Resources */ = {isa = PBXBuildFile; fileRef = F34F4502192C39E900800961 /* InfoPlist.strings */; };
		F34F4506192C39E900800961 /* main.m in Sources */ = {isa = PBXBuildFile; fileRef = F34F4505192C39E900800961 /* main.m */; };
		F34F450A192C39E900800961 /* HelloWorldAppDelegate.m in Sources */ = {isa = PBXBuildFile; fileRef = F34F4509192C39E900800961 /* HelloWorldAppDelegate.m */; };
		F34F450C192C39E900800961 /* Images.xcassets in Resources */ = {isa = PBXBuildFile; fileRef = F34F450B192C39E900800961 /* Images.xcassets */; };
		F34F4513192C39E900800961 /* XCTest.framework in Frameworks */ = {isa = PBXBuildFile; fileRef = F34F4512192C39E900800961 /* XCTest.framework */; };
		F34F4514192C39E900800961 /* Foundation.framework in Frameworks */ = {isa = PBXBuildFile; fileRef = F34F44F9192C39E900800961 /* Foundation.framework */; };
		F34F4515192C39E900800961 /* UIKit.framework in Frameworks */ = {isa = PBXBuildFile; fileRef = F34F44FD192C39E900800961 /* UIKit.framework */; };
		F34F451D192C39E900800961 /* InfoPlist.strings in Resources */ = {isa = PBXBuildFile; fileRef = F34F451B192C39E900800961 /* InfoPlist.strings */; };
		F34F451F192C39E900800961 /* HelloWorldTests.m in Sources */ = {isa = PBXBuildFile; fileRef = F34F451E192C39E900800961 /* HelloWorldTests.m */; };
		F34F452B192C3A7200800961 /* HelloWorldViewController.m in Sources */ = {isa = PBXBuildFile; fileRef = F34F4529192C3A7200800961 /* HelloWorldViewController.m */; };
		F34F452C192C3A7200800961 /* HelloWorldViewController.xib in Resources */ = {isa = PBXBuildFile; fileRef = F34F452A192C3A7200800961 /* HelloWorldViewController.xib */; };
/* End PBXBuildFile section */

/* Begin PBXContainerItemProxy section */
		F34F4516192C39E900800961 /* PBXContainerItemProxy */ = {
			isa = PBXContainerItemProxy;
			containerPortal = F34F44EE192C39E900800961 /* Project object */;
			proxyType = 1;
			remoteGlobalIDString = F34F44F5192C39E900800961;
			remoteInfo = HelloWorld;
		};
/* End PBXContainerItemProxy section */

/* Begin PBXFileReference section */
		F34F44F6192C39E900800961 /* HelloWorld.app */ = {isa = PBXFileReference; explicitFileType = wrapper.application; includeInIndex = 0; path = HelloWorld.app; sourceTree = BUILT_PRODUCTS_DIR; };
		F34F44F9192C39E900800961 /* Foundation.framework */ = {isa = PBXFileReference; lastKnownFileType = wrapper.framework; name = Foundation.framework; path = System/Library/Frameworks/Foundation.framework; sourceTree = SDKROOT; };
		F34F44FB192C39E900800961 /* CoreGraphics.framework */ = {isa = PBXFileReference; lastKnownFileType = wrapper.framework; name = CoreGraphics.framework; path = System/Library/Frameworks/CoreGraphics.framework; sourceTree = SDKROOT; };
		F34F44FD192C39E900800961 /* UIKit.framework */ = {isa = PBXFileReference; lastKnownFileType = wrapper.framework; name = UIKit.framework; path = System/Library/Frameworks/UIKit.framework; sourceTree = SDKROOT; };
		F34F4501192C39E900800961 /* HelloWorld-Info.plist */ = {isa = PBXFileReference; lastKnownFileType = text.plist.xml; path = "HelloWorld-Info.plist"; sourceTree = "<group>"; };
		F34F4503192C39E900800961 /* en */ = {isa = PBXFileReference; lastKnownFileType = text.plist.strings; name = en; path = en.lproj/InfoPlist.strings; sourceTree = "<group>"; };
		F34F4505192C39E900800961 /* main.m */ = {isa = PBXFileReference; lastKnownFileType = sourcecode.c.objc; path = main.m; sourceTree = "<group>"; };
		F34F4507192C39E900800961 /* HelloWorld-Prefix.pch */ = {isa = PBXFileReference; lastKnownFileType = sourcecode.c.h; path = "HelloWorld-Prefix.pch"; sourceTree = "<group>"; };
		F34F4508192C39E900800961 /* HelloWorldAppDelegate.h */ = {isa = PBXFileReference; lastKnownFileType = sourcecode.c.h; path = HelloWorldAppDelegate.h; sourceTree = "<group>"; };
		F34F4509192C39E900800961 /* HelloWorldAppDelegate.m */ = {isa = PBXFileReference; lastKnownFileType = sourcecode.c.objc; path = HelloWorldAppDelegate.m; sourceTree = "<group>"; };
		F34F450B192C39E900800961 /* Images.xcassets */ = {isa = PBXFileReference; lastKnownFileType = folder.assetcatalog; path = Images.xcassets; sourceTree = "<group>"; };
		F34F4511192C39E900800961 /* HelloWorldTests.xctest */ = {isa = PBXFileReference; explicitFileType = wrapper.cfbundle; includeInIndex = 0; path = HelloWorldTests.xctest; sourceTree = BUILT_PRODUCTS_DIR; };
		F34F4512192C39E900800961 /* XCTest.framework */ = {isa = PBXFileReference; lastKnownFileType = wrapper.framework; name = XCTest.framework; path = Library/Frameworks/XCTest.framework; sourceTree = DEVELOPER_DIR; };
		F34F451A192C39E900800961 /* HelloWorldTests-Info.plist */ = {isa = PBXFileReference; lastKnownFileType = text.plist.xml; path = "HelloWorldTests-Info.plist"; sourceTree = "<group>"; };
		F34F451C192C39E900800961 /* en */ = {isa = PBXFileReference; lastKnownFileType = text.plist.strings; name = en; path = en.lproj/InfoPlist.strings; sourceTree = "<group>"; };
		F34F451E192C39E900800961 /* HelloWorldTests.m */ = {isa = PBXFileReference; lastKnownFileType = sourcecode.c.objc; path = HelloWorldTests.m; sourceTree = "<group>"; };
		F34F4528192C3A7200800961 /* HelloWorldViewController.h */ = {isa = PBXFileReference; fileEncoding = 4; lastKnownFileType = sourcecode.c.h; path = HelloWorldViewController.h; sourceTree = "<group>"; };
		F34F4529192C3A7200800961 /* HelloWorldViewController.m */ = {isa = PBXFileReference; fileEncoding = 4; lastKnownFileType = sourcecode.c.objc; path = HelloWorldViewController.m; sourceTree = "<group>"; };
		F34F452A192C3A7200800961 /* HelloWorldViewController.xib */ = {isa = PBXFileReference; fileEncoding = 4; lastKnownFileType = file.xib; path = HelloWorldViewController.xib; sourceTree = "<group>"; };
/* End PBXFileReference section */

/* Begin PBXFrameworksBuildPhase section */
		F34F44F3192C39E900800961 /* Frameworks */ = {
			isa = PBXFrameworksBuildPhase;
			buildActionMask = 2147483647;
			files = (
				F34F44FC192C39E900800961 /* CoreGraphics.framework in Frameworks */,
				F34F44FE192C39E900800961 /* UIKit.framework in Frameworks */,
				F34F44FA192C39E900800961 /* Foundation.framework in Frameworks */,
			);
			runOnlyForDeploymentPostprocessing = 0;
		};
		F34F450E192C39E900800961 /* Frameworks */ = {
			isa = PBXFrameworksBuildPhase;
			buildActionMask = 2147483647;
			files = (
				F34F4513192C39E900800961 /* XCTest.framework in Frameworks */,
				F34F4515192C39E900800961 /* UIKit.framework in Frameworks */,
				F34F4514192C39E900800961 /* Foundation.framework in Frameworks */,
			);
			runOnlyForDeploymentPostprocessing = 0;
		};
/* End PBXFrameworksBuildPhase section */

/* Begin PBXGroup section */
		F34F44ED192C39E900800961 = {
			isa = PBXGroup;
			children = (
				F34F44FF192C39E900800961 /* HelloWorld */,
				F34F4518192C39E900800961 /* HelloWorldTests */,
				F34F44F8192C39E900800961 /* Frameworks */,
				F34F44F7192C39E900800961 /* Products */,
			);
			sourceTree = "<group>";
		};
		F34F44F7192C39E900800961 /* Products */ = {
			isa = PBXGroup;
			children = (
				F34F44F6192C39E900800961 /* HelloWorld.app */,
				F34F4511192C39E900800961 /* HelloWorldTests.xctest */,
			);
			name = Products;
			sourceTree = "<group>";
		};
		F34F44F8192C39E900800961 /* Frameworks */ = {
			isa = PBXGroup;
			children = (
				F34F44F9192C39E900800961 /* Foundation.framework */,
				F34F44FB192C39E900800961 /* CoreGraphics.framework */,
				F34F44FD192C39E900800961 /* UIKit.framework */,
				F34F4512192C39E900800961 /* XCTest.framework */,
			);
			name = Frameworks;
			sourceTree = "<group>";
		};
		F34F44FF192C39E900800961 /* HelloWorld */ = {
			isa = PBXGroup;
			children = (
				F34F4508192C39E900800961 /* HelloWorldAppDelegate.h */,
				F34F4509192C39E900800961 /* HelloWorldAppDelegate.m */,
				F34F450B192C39E900800961 /* Images.xcassets */,
				F34F4500192C39E900800961 /* Supporting Files */,
				F34F4528192C3A7200800961 /* HelloWorldViewController.h */,
				F34F4529192C3A7200800961 /* HelloWorldViewController.m */,
				F34F452A192C3A7200800961 /* HelloWorldViewController.xib */,
			);
			path = HelloWorld;
			sourceTree = "<group>";
		};
		F34F4500192C39E900800961 /* Supporting Files */ = {
			isa = PBXGroup;
			children = (
				F34F4501192C39E900800961 /* HelloWorld-Info.plist */,
				F34F4502192C39E900800961 /* InfoPlist.strings */,
				F34F4505192C39E900800961 /* main.m */,
				F34F4507192C39E900800961 /* HelloWorld-Prefix.pch */,
			);
			name = "Supporting Files";
			sourceTree = "<group>";
		};
		F34F4518192C39E900800961 /* HelloWorldTests */ = {
			isa = PBXGroup;
			children = (
				F34F451E192C39E900800961 /* HelloWorldTests.m */,
				F34F4519192C39E900800961 /* Supporting Files */,
			);
			path = HelloWorldTests;
			sourceTree = "<group>";
		};
		F34F4519192C39E900800961 /* Supporting Files */ = {
			isa = PBXGroup;
			children = (
				F34F451A192C39E900800961 /* HelloWorldTests-Info.plist */,
				F34F451B192C39E900800961 /* InfoPlist.strings */,
			);
			name = "Supporting Files";
			sourceTree = "<group>";
		};
/* End PBXGroup section */

/* Begin PBXNativeTarget section */
		F34F44F5192C39E900800961 /* HelloWorld */ = {
			isa = PBXNativeTarget;
			buildConfigurationList = F34F4522192C39E900800961 /* Build configuration list for PBXNativeTarget "HelloWorld" */;
			buildPhases = (
				F34F44F2192C39E900800961 /* Sources */,
				F34F44F3192C39E900800961 /* Frameworks */,
				F34F44F4192C39E900800961 /* Resources */,
			);
			buildRules = (
			);
			dependencies = (
			);
			name = HelloWorld;
			productName = HelloWorld;
			productReference = F34F44F6192C39E900800961 /* HelloWorld.app */;
			productType = "com.apple.product-type.application";
		};
		F34F4510192C39E900800961 /* HelloWorldTests */ = {
			isa = PBXNativeTarget;
			buildConfigurationList = F34F4525192C39E900800961 /* Build configuration list for PBXNativeTarget "HelloWorldTests" */;
			buildPhases = (
				F34F450D192C39E900800961 /* Sources */,
				F34F450E192C39E900800961 /* Frameworks */,
				F34F450F192C39E900800961 /* Resources */,
			);
			buildRules = (
			);
			dependencies = (
				F34F4517192C39E900800961 /* PBXTargetDependency */,
			);
			name = HelloWorldTests;
			productName = HelloWorldTests;
			productReference = F34F4511192C39E900800961 /* HelloWorldTests.xctest */;
			productType = "com.apple.product-type.bundle.unit-test";
		};
/* End PBXNativeTarget section */

/* Begin PBXProject section */
		F34F44EE192C39E900800961 /* Project object */ = {
			isa = PBXProject;
			attributes = {
				CLASSPREFIX = HelloWorld;
				LastUpgradeCheck = 0500;
				ORGANIZATIONNAME = Appcoda;
				TargetAttributes = {
					F34F4510192C39E900800961 = {
						TestTargetID = F34F44F5192C39E900800961;
					};
				};
			};
			buildConfigurationList = F34F44F1192C39E900800961 /* Build configuration list for PBXProject "HelloWorld" */;
			compatibilityVersion = "Xcode 3.2";
			developmentRegion = English;
			hasScannedForEncodings = 0;
			knownRegions = (
				en,
			);
			mainGroup = F34F44ED192C39E900800961;
			productRefGroup = F34F44F7192C39E900800961 /* Products */;
			projectDirPath = "";
			projectRoot = "";
			targets = (
				F34F44F5192C39E900800961 /* HelloWorld */,
				F34F4510192C39E900800961 /* HelloWorldTests */,
			);
		};
/* End PBXProject section */

/* Begin PBXResourcesBuildPhase section */
		F34F44F4192C39E900800961 /* Resources */ = {
			isa = PBXResourcesBuildPhase;
			buildActionMask = 2147483647;
			files = (
				F34F4504192C39E900800961 /* InfoPlist.strings in Resources */,
				F34F450C192C39E900800961 /* Images.xcassets in Resources */,
				F34F452C192C3A7200800961 /* HelloWorldViewController.xib in Resources */,
			);
			runOnlyForDeploymentPostprocessing = 0;
		};
		F34F450F192C39E900800961 /* Resources */ = {
			isa = PBXResourcesBuildPhase;
			buildActionMask = 2147483647;
			files = (
				F34F451D192C39E900800961 /* InfoPlist.strings in Resources */,
			);
			runOnlyForDeploymentPostprocessing = 0;
		};
/* End PBXResourcesBuildPhase section */

/* Begin PBXSourcesBuildPhase section */
		F34F44F2192C39E900800961 /* Sources */ = {
			isa = PBXSourcesBuildPhase;
			buildActionMask = 2147483647;
			files = (
				F34F450A192C39E900800961 /* HelloWorldAppDelegate.m in Sources */,
				F34F452B192C3A7200800961 /* HelloWorldViewController.m in Sources */,
				F34F4506192C39E900800961 /* main.m in Sources */,
			);
			runOnlyForDeploymentPostprocessing = 0;
		};
		F34F450D192C39E900800961 /* Sources */ = {
			isa = PBXSourcesBuildPhase;
			buildActionMask = 2147483647;
			files = (
				F34F451F192C39E900800961 /* HelloWorldTests.m in Sources */,
			);
			runOnlyForDeploymentPostprocessing = 0;
		};
/* End PBXSourcesBuildPhase section */

/* Begin PBXTargetDependency section */
		F34F4517192C39E900800961 /* PBXTargetDependency */ = {
			isa = PBXTargetDependency;
			target = F34F44F5192C39E900800961 /* HelloWorld */;
			targetProxy = F34F4516192C39E900800961 /* PBXContainerItemProxy */;
		};
/* End PBXTargetDependency section */

/* Begin PBXVariantGroup section */
		F34F4502192C39E900800961 /* InfoPlist.strings */ = {
			isa = PBXVariantGroup;
			children = (
				F34F4503192C39E900800961 /* en */,
			);
			name = InfoPlist.strings;
			sourceTree = "<group>";
		};
		F34F451B192C39E900800961 /* InfoPlist.strings */ = {
			isa = PBXVariantGroup;
			children = (
				F34F451C192C39E900800961 /* en */,
			);
			name = InfoPlist.strings;
			sourceTree = "<group>";
		};
/* End PBXVariantGroup section */

/* Begin XCBuildConfiguration section */
		F34F4520192C39E900800961 /* Debug */ = {
			isa = XCBuildConfiguration;
			buildSettings = {
				ALWAYS_SEARCH_USER_PATHS = NO;
				ARCHS = "$(ARCHS_STANDARD_INCLUDING_64_BIT)";
				CLANG_CXX_LANGUAGE_STANDARD = "gnu++0x";
				CLANG_CXX_LIBRARY = "libc++";
				CLANG_ENABLE_MODULES = YES;
				CLANG_ENABLE_OBJC_ARC = YES;
				CLANG_WARN_BOOL_CONVERSION = YES;
				CLANG_WARN_CONSTANT_CONVERSION = YES;
				CLANG_WARN_DIRECT_OBJC_ISA_USAGE = YES_ERROR;
				CLANG_WARN_EMPTY_BODY = YES;
				CLANG_WARN_ENUM_CONVERSION = YES;
				CLANG_WARN_INT_CONVERSION = YES;
				CLANG_WARN_OBJC_ROOT_CLASS = YES_ERROR;
				CLANG_WARN__DUPLICATE_METHOD_MATCH = YES;
				"CODE_SIGN_IDENTITY[sdk=iphoneos*]" = "iPhone Developer";
				COPY_PHASE_STRIP = NO;
				GCC_C_LANGUAGE_STANDARD = gnu99;
				GCC_DYNAMIC_NO_PIC = NO;
				GCC_OPTIMIZATION_LEVEL = 0;
				GCC_PREPROCESSOR_DEFINITIONS = (
					"DEBUG=1",
					"$(inherited)",
				);
				GCC_SYMBOLS_PRIVATE_EXTERN = NO;
				GCC_WARN_64_TO_32_BIT_CONVERSION = YES;
				GCC_WARN_ABOUT_RETURN_TYPE = YES_ERROR;
				GCC_WARN_UNDECLARED_SELECTOR = YES;
				GCC_WARN_UNINITIALIZED_AUTOS = YES;
				GCC_WARN_UNUSED_FUNCTION = YES;
				GCC_WARN_UNUSED_VARIABLE = YES;
				IPHONEOS_DEPLOYMENT_TARGET = 7.0;
				ONLY_ACTIVE_ARCH = YES;
				SDKROOT = iphoneos;
			};
			name = Debug;
		};
		F34F4521192C39E900800961 /* Release */ = {
			isa = XCBuildConfiguration;
			buildSettings = {
				ALWAYS_SEARCH_USER_PATHS = NO;
				ARCHS = "$(ARCHS_STANDARD_INCLUDING_64_BIT)";
				CLANG_CXX_LANGUAGE_STANDARD = "gnu++0x";
				CLANG_CXX_LIBRARY = "libc++";
				CLANG_ENABLE_MODULES = YES;
				CLANG_ENABLE_OBJC_ARC = YES;
				CLANG_WARN_BOOL_CONVERSION = YES;
				CLANG_WARN_CONSTANT_CONVERSION = YES;
				CLANG_WARN_DIRECT_OBJC_ISA_USAGE = YES_ERROR;
				CLANG_WARN_EMPTY_BODY = YES;
				CLANG_WARN_ENUM_CONVERSION = YES;
				CLANG_WARN_INT_CONVERSION = YES;
				CLANG_WARN_OBJC_ROOT_CLASS = YES_ERROR;
				CLANG_WARN__DUPLICATE_METHOD_MATCH = YES;
				"CODE_SIGN_IDENTITY[sdk=iphoneos*]" = "iPhone Developer";
				COPY_PHASE_STRIP = YES;
				ENABLE_NS_ASSERTIONS = NO;
				GCC_C_LANGUAGE_STANDARD = gnu99;
				GCC_WARN_64_TO_32_BIT_CONVERSION = YES;
				GCC_WARN_ABOUT_RETURN_TYPE = YES_ERROR;
				GCC_WARN_UNDECLARED_SELECTOR = YES;
				GCC_WARN_UNINITIALIZED_AUTOS = YES;
				GCC_WARN_UNUSED_FUNCTION = YES;
				GCC_WARN_UNUSED_VARIABLE = YES;
				IPHONEOS_DEPLOYMENT_TARGET = 7.0;
				SDKROOT = iphoneos;
				VALIDATE_PRODUCT = YES;
			};
			name = Release;
		};
		F34F4523192C39E900800961 /* Debug */ = {
			isa = XCBuildConfiguration;
			buildSettings = {
				ASSETCATALOG_COMPILER_APPICON_NAME = AppIcon;
				ASSETCATALOG_COMPILER_LAUNCHIMAGE_NAME = LaunchImage;
				GCC_PRECOMPILE_PREFIX_HEADER = YES;
				GCC_PREFIX_HEADER = "HelloWorld/HelloWorld-Prefix.pch";
				INFOPLIST_FILE = "HelloWorld/HelloWorld-Info.plist";
				PRODUCT_NAME = "$(TARGET_NAME)";
				WRAPPER_EXTENSION = app;
			};
			name = Debug;
		};
		F34F4524192C39E900800961 /* Release */ = {
			isa = XCBuildConfiguration;
			buildSettings = {
				ASSETCATALOG_COMPILER_APPICON_NAME = AppIcon;
				ASSETCATALOG_COMPILER_LAUNCHIMAGE_NAME = LaunchImage;
				GCC_PRECOMPILE_PREFIX_HEADER = YES;
				GCC_PREFIX_HEADER = "HelloWorld/HelloWorld-Prefix.pch";
				INFOPLIST_FILE = "HelloWorld/HelloWorld-Info.plist";
				PRODUCT_NAME = "$(TARGET_NAME)";
				WRAPPER_EXTENSION = app;
			};
			name = Release;
		};
		F34F4526192C39E900800961 /* Debug */ = {
			isa = XCBuildConfiguration;
			buildSettings = {
				ARCHS = "$(ARCHS_STANDARD_INCLUDING_64_BIT)";
				BUNDLE_LOADER = "$(BUILT_PRODUCTS_DIR)/HelloWorld.app/HelloWorld";
				FRAMEWORK_SEARCH_PATHS = (
					"$(SDKROOT)/Developer/Library/Frameworks",
					"$(inherited)",
					"$(DEVELOPER_FRAMEWORKS_DIR)",
				);
				GCC_PRECOMPILE_PREFIX_HEADER = YES;
				GCC_PREFIX_HEADER = "HelloWorld/HelloWorld-Prefix.pch";
				GCC_PREPROCESSOR_DEFINITIONS = (
					"DEBUG=1",
					"$(inherited)",
				);
				INFOPLIST_FILE = "HelloWorldTests/HelloWorldTests-Info.plist";
				PRODUCT_NAME = "$(TARGET_NAME)";
				TEST_HOST = "$(BUNDLE_LOADER)";
				WRAPPER_EXTENSION = xctest;
			};
			name = Debug;
		};
		F34F4527192C39E900800961 /* Release */ = {
			isa = XCBuildConfiguration;
			buildSettings = {
				ARCHS = "$(ARCHS_STANDARD_INCLUDING_64_BIT)";
				BUNDLE_LOADER = "$(BUILT_PRODUCTS_DIR)/HelloWorld.app/HelloWorld";
				FRAMEWORK_SEARCH_PATHS = (
					"$(SDKROOT)/Developer/Library/Frameworks",
					"$(inherited)",
					"$(DEVELOPER_FRAMEWORKS_DIR)",
				);
				GCC_PRECOMPILE_PREFIX_HEADER = YES;
				GCC_PREFIX_HEADER = "HelloWorld/HelloWorld-Prefix.pch";
				INFOPLIST_FILE = "HelloWorldTests/HelloWorldTests-Info.plist";
				PRODUCT_NAME = "$(TARGET_NAME)";
				TEST_HOST = "$(BUNDLE_LOADER)";
				WRAPPER_EXTENSION = xctest;
			};
			name = Release;
		};
/* End XCBuildConfiguration section */

/* Begin XCConfigurationList section */
		F34F44F1192C39E900800961 /* Build configuration list for PBXProject "HelloWorld" */ = {
			isa = XCConfigurationList;
			buildConfigurations = (
				F34F4520192C39E900800961 /* Debug */,
				F34F4521192C39E900800961 /* Release */,
			);
			defaultConfigurationIsVisible = 0;
			defaultConfigurationName = Release;
		};
		F34F4522192C39E900800961 /* Build configuration list for PBXNativeTarget "HelloWorld" */ = {
			isa = XCConfigurationList;
			buildConfigurations = (
				F34F4523192C39E900800961 /* Debug */,
				F34F4524192C39E900800961 /* Release */,
			);
			defaultConfigurationIsVisible = 0;
		};
		F34F4525192C39E900800961 /* Build configuration list for PBXNativeTarget "HelloWorldTests" */ = {
			isa = XCConfigurationList;
			buildConfigurations = (
				F34F4526192C39E900800961 /* Debug */,
				F34F4527192C39E900800961 /* Release */,
			);
			defaultConfigurationIsVisible = 0;
		};
/* End XCConfigurationList section */
	};
	rootObject = F34F44EE192C39E900800961 /* Project object */;
}
