// !$*UTF8*$!
{
	archiveVersion = 1;
	classes = {
	};
	objectVersion = 46;
	objects = {

/* Begin PBXBuildFile section */
		F34F44B6192C1E7500800961 /* Foundation.framework in Frameworks */ = {isa = PBXBuildFile; fileRef = F34F44B5192C1E7500800961 /* Foundation.framework */; };
		F34F44B8192C1E7500800961 /* CoreGraphics.framework in Frameworks */ = {isa = PBXBuildFile; fileRef = F34F44B7192C1E7500800961 /* CoreGraphics.framework */; };
		F34F44BA192C1E7500800961 /* UIKit.framework in Frameworks */ = {isa = PBXBuildFile; fileRef = F34F44B9192C1E7500800961 /* UIKit.framework */; };
		F34F44C0192C1E7500800961 /* InfoPlist.strings in Resources */ = {isa = PBXBuildFile; fileRef = F34F44BE192C1E7500800961 /* InfoPlist.strings */; };
		F34F44C2192C1E7500800961 /* main.m in Sources */ = {isa = PBXBuildFile; fileRef = F34F44C1192C1E7500800961 /* main.m */; };
		F34F44C6192C1E7500800961 /* HelloWorldAppDelegate.m in Sources */ = {isa = PBXBuildFile; fileRef = F34F44C5192C1E7500800961 /* HelloWorldAppDelegate.m */; };
		F34F44C9192C1E7500800961 /* Main.storyboard in Resources */ = {isa = PBXBuildFile; fileRef = F34F44C7192C1E7500800961 /* Main.storyboard */; };
		F34F44CC192C1E7500800961 /* HelloWorldViewController.m in Sources */ = {isa = PBXBuildFile; fileRef = F34F44CB192C1E7500800961 /* HelloWorldViewController.m */; };
		F34F44CE192C1E7500800961 /* Images.xcassets in Resources */ = {isa = PBXBuildFile; fileRef = F34F44CD192C1E7500800961 /* Images.xcassets */; };
		F34F44D5192C1E7500800961 /* XCTest.framework in Frameworks */ = {isa = PBXBuildFile; fileRef = F34F44D4192C1E7500800961 /* XCTest.framework */; };
		F34F44D6192C1E7500800961 /* Foundation.framework in Frameworks */ = {isa = PBXBuildFile; fileRef = F34F44B5192C1E7500800961 /* Foundation.framework */; };
		F34F44D7192C1E7500800961 /* UIKit.framework in Frameworks */ = {isa = PBXBuildFile; fileRef = F34F44B9192C1E7500800961 /* UIKit.framework */; };
		F34F44DF192C1E7500800961 /* InfoPlist.strings in Resources */ = {isa = PBXBuildFile; fileRef = F34F44DD192C1E7500800961 /* InfoPlist.strings */; };
		F34F44E1192C1E7500800961 /* HelloWorldTests.m in Sources */ = {isa = PBXBuildFile; fileRef = F34F44E0192C1E7500800961 /* HelloWorldTests.m */; };
/* End PBXBuildFile section */

/* Begin PBXContainerItemProxy section */
		F34F44D8192C1E7500800961 /* PBXContainerItemProxy */ = {
			isa = PBXContainerItemProxy;
			containerPortal = F34F44AA192C1E7500800961 /* Project object */;
			proxyType = 1;
			remoteGlobalIDString = F34F44B1192C1E7500800961;
			remoteInfo = HelloWorld;
		};
/* End PBXContainerItemProxy section */

/* Begin PBXFileReference section */
		F34F44B2192C1E7500800961 /* HelloWorld.app */ = {isa = PBXFileReference; explicitFileType = wrapper.application; includeInIndex = 0; path = HelloWorld.app; sourceTree = BUILT_PRODUCTS_DIR; };
		F34F44B5192C1E7500800961 /* Foundation.framework */ = {isa = PBXFileReference; lastKnownFileType = wrapper.framework; name = Foundation.framework; path = System/Library/Frameworks/Foundation.framework; sourceTree = SDKROOT; };
		F34F44B7192C1E7500800961 /* CoreGraphics.framework */ = {isa = PBXFileReference; lastKnownFileType = wrapper.framework; name = CoreGraphics.framework; path = System/Library/Frameworks/CoreGraphics.framework; sourceTree = SDKROOT; };
		F34F44B9192C1E7500800961 /* UIKit.framework */ = {isa = PBXFileReference; lastKnownFileType = wrapper.framework; name = UIKit.framework; path = System/Library/Frameworks/UIKit.framework; sourceTree = SDKROOT; };
		F34F44BD192C1E7500800961 /* HelloWorld-Info.plist */ = {isa = PBXFileReference; lastKnownFileType = text.plist.xml; path = "HelloWorld-Info.plist"; sourceTree = "<group>"; };
		F34F44BF192C1E7500800961 /* en */ = {isa = PBXFileReference; lastKnownFileType = text.plist.strings; name = en; path = en.lproj/InfoPlist.strings; sourceTree = "<group>"; };
		F34F44C1192C1E7500800961 /* main.m */ = {isa = PBXFileReference; lastKnownFileType = sourcecode.c.objc; path = main.m; sourceTree = "<group>"; };
		F34F44C3192C1E7500800961 /* HelloWorld-Prefix.pch */ = {isa = PBXFileReference; lastKnownFileType = sourcecode.c.h; path = "HelloWorld-Prefix.pch"; sourceTree = "<group>"; };
		F34F44C4192C1E7500800961 /* HelloWorldAppDelegate.h */ = {isa = PBXFileReference; lastKnownFileType = sourcecode.c.h; path = HelloWorldAppDelegate.h; sourceTree = "<group>"; };
		F34F44C5192C1E7500800961 /* HelloWorldAppDelegate.m */ = {isa = PBXFileReference; lastKnownFileType = sourcecode.c.objc; path = HelloWorldAppDelegate.m; sourceTree = "<group>"; };
		F34F44C8192C1E7500800961 /* Base */ = {isa = PBXFileReference; lastKnownFileType = file.storyboard; name = Base; path = Base.lproj/Main.storyboard; sourceTree = "<group>"; };
		F34F44CA192C1E7500800961 /* HelloWorldViewController.h */ = {isa = PBXFileReference; lastKnownFileType = sourcecode.c.h; path = HelloWorldViewController.h; sourceTree = "<group>"; };
		F34F44CB192C1E7500800961 /* HelloWorldViewController.m */ = {isa = PBXFileReference; lastKnownFileType = sourcecode.c.objc; path = HelloWorldViewController.m; sourceTree = "<group>"; };
		F34F44CD192C1E7500800961 /* Images.xcassets */ = {isa = PBXFileReference; lastKnownFileType = folder.assetcatalog; path = Images.xcassets; sourceTree = "<group>"; };
		F34F44D3192C1E7500800961 /* HelloWorldTests.xctest */ = {isa = PBXFileReference; explicitFileType = wrapper.cfbundle; includeInIndex = 0; path = HelloWorldTests.xctest; sourceTree = BUILT_PRODUCTS_DIR; };
		F34F44D4192C1E7500800961 /* XCTest.framework */ = {isa = PBXFileReference; lastKnownFileType = wrapper.framework; name = XCTest.framework; path = Library/Frameworks/XCTest.framework; sourceTree = DEVELOPER_DIR; };
		F34F44DC192C1E7500800961 /* HelloWorldTests-Info.plist */ = {isa = PBXFileReference; lastKnownFileType = text.plist.xml; path = "HelloWorldTests-Info.plist"; sourceTree = "<group>"; };
		F34F44DE192C1E7500800961 /* en */ = {isa = PBXFileReference; lastKnownFileType = text.plist.strings; name = en; path = en.lproj/InfoPlist.strings; sourceTree = "<group>"; };
		F34F44E0192C1E7500800961 /* HelloWorldTests.m */ = {isa = PBXFileReference; lastKnownFileType = sourcecode.c.objc; path = HelloWorldTests.m; sourceTree = "<group>"; };
/* End PBXFileReference section */

/* Begin PBXFrameworksBuildPhase section */
		F34F44AF192C1E7500800961 /* Frameworks */ = {
			isa = PBXFrameworksBuildPhase;
			buildActionMask = 2147483647;
			files = (
				F34F44B8192C1E7500800961 /* CoreGraphics.framework in Frameworks */,
				F34F44BA192C1E7500800961 /* UIKit.framework in Frameworks */,
				F34F44B6192C1E7500800961 /* Foundation.framework in Frameworks */,
			);
			runOnlyForDeploymentPostprocessing = 0;
		};
		F34F44D0192C1E7500800961 /* Frameworks */ = {
			isa = PBXFrameworksBuildPhase;
			buildActionMask = 2147483647;
			files = (
				F34F44D5192C1E7500800961 /* XCTest.framework in Frameworks */,
				F34F44D7192C1E7500800961 /* UIKit.framework in Frameworks */,
				F34F44D6192C1E7500800961 /* Foundation.framework in Frameworks */,
			);
			runOnlyForDeploymentPostprocessing = 0;
		};
/* End PBXFrameworksBuildPhase section */

/* Begin PBXGroup section */
		F34F44A9192C1E7500800961 = {
			isa = PBXGroup;
			children = (
				F34F44BB192C1E7500800961 /* HelloWorld */,
				F34F44DA192C1E7500800961 /* HelloWorldTests */,
				F34F44B4192C1E7500800961 /* Frameworks */,
				F34F44B3192C1E7500800961 /* Products */,
			);
			sourceTree = "<group>";
		};
		F34F44B3192C1E7500800961 /* Products */ = {
			isa = PBXGroup;
			children = (
				F34F44B2192C1E7500800961 /* HelloWorld.app */,
				F34F44D3192C1E7500800961 /* HelloWorldTests.xctest */,
			);
			name = Products;
			sourceTree = "<group>";
		};
		F34F44B4192C1E7500800961 /* Frameworks */ = {
			isa = PBXGroup;
			children = (
				F34F44B5192C1E7500800961 /* Foundation.framework */,
				F34F44B7192C1E7500800961 /* CoreGraphics.framework */,
				F34F44B9192C1E7500800961 /* UIKit.framework */,
				F34F44D4192C1E7500800961 /* XCTest.framework */,
			);
			name = Frameworks;
			sourceTree = "<group>";
		};
		F34F44BB192C1E7500800961 /* HelloWorld */ = {
			isa = PBXGroup;
			children = (
				F34F44C4192C1E7500800961 /* HelloWorldAppDelegate.h */,
				F34F44C5192C1E7500800961 /* HelloWorldAppDelegate.m */,
				F34F44C7192C1E7500800961 /* Main.storyboard */,
				F34F44CA192C1E7500800961 /* HelloWorldViewController.h */,
				F34F44CB192C1E7500800961 /* HelloWorldViewController.m */,
				F34F44CD192C1E7500800961 /* Images.xcassets */,
				F34F44BC192C1E7500800961 /* Supporting Files */,
			);
			path = HelloWorld;
			sourceTree = "<group>";
		};
		F34F44BC192C1E7500800961 /* Supporting Files */ = {
			isa = PBXGroup;
			children = (
				F34F44BD192C1E7500800961 /* HelloWorld-Info.plist */,
				F34F44BE192C1E7500800961 /* InfoPlist.strings */,
				F34F44C1192C1E7500800961 /* main.m */,
				F34F44C3192C1E7500800961 /* HelloWorld-Prefix.pch */,
			);
			name = "Supporting Files";
			sourceTree = "<group>";
		};
		F34F44DA192C1E7500800961 /* HelloWorldTests */ = {
			isa = PBXGroup;
			children = (
				F34F44E0192C1E7500800961 /* HelloWorldTests.m */,
				F34F44DB192C1E7500800961 /* Supporting Files */,
			);
			path = HelloWorldTests;
			sourceTree = "<group>";
		};
		F34F44DB192C1E7500800961 /* Supporting Files */ = {
			isa = PBXGroup;
			children = (
				F34F44DC192C1E7500800961 /* HelloWorldTests-Info.plist */,
				F34F44DD192C1E7500800961 /* InfoPlist.strings */,
			);
			name = "Supporting Files";
			sourceTree = "<group>";
		};
/* End PBXGroup section */

/* Begin PBXNativeTarget section */
		F34F44B1192C1E7500800961 /* HelloWorld */ = {
			isa = PBXNativeTarget;
			buildConfigurationList = F34F44E4192C1E7500800961 /* Build configuration list for PBXNativeTarget "HelloWorld" */;
			buildPhases = (
				F34F44AE192C1E7500800961 /* Sources */,
				F34F44AF192C1E7500800961 /* Frameworks */,
				F34F44B0192C1E7500800961 /* Resources */,
			);
			buildRules = (
			);
			dependencies = (
			);
			name = HelloWorld;
			productName = HelloWorld;
			productReference = F34F44B2192C1E7500800961 /* HelloWorld.app */;
			productType = "com.apple.product-type.application";
		};
		F34F44D2192C1E7500800961 /* HelloWorldTests */ = {
			isa = PBXNativeTarget;
			buildConfigurationList = F34F44E7192C1E7500800961 /* Build configuration list for PBXNativeTarget "HelloWorldTests" */;
			buildPhases = (
				F34F44CF192C1E7500800961 /* Sources */,
				F34F44D0192C1E7500800961 /* Frameworks */,
				F34F44D1192C1E7500800961 /* Resources */,
			);
			buildRules = (
			);
			dependencies = (
				F34F44D9192C1E7500800961 /* PBXTargetDependency */,
			);
			name = HelloWorldTests;
			productName = HelloWorldTests;
			productReference = F34F44D3192C1E7500800961 /* HelloWorldTests.xctest */;
			productType = "com.apple.product-type.bundle.unit-test";
		};
/* End PBXNativeTarget section */

/* Begin PBXProject section */
		F34F44AA192C1E7500800961 /* Project object */ = {
			isa = PBXProject;
			attributes = {
				CLASSPREFIX = HelloWorld;
				LastUpgradeCheck = 0500;
				ORGANIZATIONNAME = Appcoda;
				TargetAttributes = {
					F34F44D2192C1E7500800961 = {
						TestTargetID = F34F44B1192C1E7500800961;
					};
				};
			};
			buildConfigurationList = F34F44AD192C1E7500800961 /* Build configuration list for PBXProject "HelloWorld" */;
			compatibilityVersion = "Xcode 3.2";
			developmentRegion = English;
			hasScannedForEncodings = 0;
			knownRegions = (
				en,
				Base,
			);
			mainGroup = F34F44A9192C1E7500800961;
			productRefGroup = F34F44B3192C1E7500800961 /* Products */;
			projectDirPath = "";
			projectRoot = "";
			targets = (
				F34F44B1192C1E7500800961 /* HelloWorld */,
				F34F44D2192C1E7500800961 /* HelloWorldTests */,
			);
		};
/* End PBXProject section */

/* Begin PBXResourcesBuildPhase section */
		F34F44B0192C1E7500800961 /* Resources */ = {
			isa = PBXResourcesBuildPhase;
			buildActionMask = 2147483647;
			files = (
				F34F44CE192C1E7500800961 /* Images.xcassets in Resources */,
				F34F44C0192C1E7500800961 /* InfoPlist.strings in Resources */,
				F34F44C9192C1E7500800961 /* Main.storyboard in Resources */,
			);
			runOnlyForDeploymentPostprocessing = 0;
		};
		F34F44D1192C1E7500800961 /* Resources */ = {
			isa = PBXResourcesBuildPhase;
			buildActionMask = 2147483647;
			files = (
				F34F44DF192C1E7500800961 /* InfoPlist.strings in Resources */,
			);
			runOnlyForDeploymentPostprocessing = 0;
		};
/* End PBXResourcesBuildPhase section */

/* Begin PBXSourcesBuildPhase section */
		F34F44AE192C1E7500800961 /* Sources */ = {
			isa = PBXSourcesBuildPhase;
			buildActionMask = 2147483647;
			files = (
				F34F44C6192C1E7500800961 /* HelloWorldAppDelegate.m in Sources */,
				F34F44CC192C1E7500800961 /* HelloWorldViewController.m in Sources */,
				F34F44C2192C1E7500800961 /* main.m in Sources */,
			);
			runOnlyForDeploymentPostprocessing = 0;
		};
		F34F44CF192C1E7500800961 /* Sources */ = {
			isa = PBXSourcesBuildPhase;
			buildActionMask = 2147483647;
			files = (
				F34F44E1192C1E7500800961 /* HelloWorldTests.m in Sources */,
			);
			runOnlyForDeploymentPostprocessing = 0;
		};
/* End PBXSourcesBuildPhase section */

/* Begin PBXTargetDependency section */
		F34F44D9192C1E7500800961 /* PBXTargetDependency */ = {
			isa = PBXTargetDependency;
			target = F34F44B1192C1E7500800961 /* HelloWorld */;
			targetProxy = F34F44D8192C1E7500800961 /* PBXContainerItemProxy */;
		};
/* End PBXTargetDependency section */

/* Begin PBXVariantGroup section */
		F34F44BE192C1E7500800961 /* InfoPlist.strings */ = {
			isa = PBXVariantGroup;
			children = (
				F34F44BF192C1E7500800961 /* en */,
			);
			name = InfoPlist.strings;
			sourceTree = "<group>";
		};
		F34F44C7192C1E7500800961 /* Main.storyboard */ = {
			isa = PBXVariantGroup;
			children = (
				F34F44C8192C1E7500800961 /* Base */,
			);
			name = Main.storyboard;
			sourceTree = "<group>";
		};
		F34F44DD192C1E7500800961 /* InfoPlist.strings */ = {
			isa = PBXVariantGroup;
			children = (
				F34F44DE192C1E7500800961 /* en */,
			);
			name = InfoPlist.strings;
			sourceTree = "<group>";
		};
/* End PBXVariantGroup section */

/* Begin XCBuildConfiguration section */
		F34F44E2192C1E7500800961 /* Debug */ = {
			isa = XCBuildConfiguration;
			buildSettings = {
				ALWAYS_SEARCH_USER_PATHS = NO;
				ARCHS = "$(ARCHS_STANDARD_INCLUDING_64_BIT)";
				CLANG_CXX_LANGUAGE_STANDARD = "gnu++0x";
				CLANG_CXX_LIBRARY = "libc++";
				CLANG_ENABLE_MODULES = YES;
				CLANG_ENABLE_OBJC_ARC = YES;
				CLANG_WARN_BOOL_CONVERSION = YES;
				CLANG_WARN_CONSTANT_CONVERSION = YES;
				CLANG_WARN_DIRECT_OBJC_ISA_USAGE = YES_ERROR;
				CLANG_WARN_EMPTY_BODY = YES;
				CLANG_WARN_ENUM_CONVERSION = YES;
				CLANG_WARN_INT_CONVERSION = YES;
				CLANG_WARN_OBJC_ROOT_CLASS = YES_ERROR;
				CLANG_WARN__DUPLICATE_METHOD_MATCH = YES;
				"CODE_SIGN_IDENTITY[sdk=iphoneos*]" = "iPhone Developer";
				COPY_PHASE_STRIP = NO;
				GCC_C_LANGUAGE_STANDARD = gnu99;
				GCC_DYNAMIC_NO_PIC = NO;
				GCC_OPTIMIZATION_LEVEL = 0;
				GCC_PREPROCESSOR_DEFINITIONS = (
					"DEBUG=1",
					"$(inherited)",
				);
				GCC_SYMBOLS_PRIVATE_EXTERN = NO;
				GCC_WARN_64_TO_32_BIT_CONVERSION = YES;
				GCC_WARN_ABOUT_RETURN_TYPE = YES_ERROR;
				GCC_WARN_UNDECLARED_SELECTOR = YES;
				GCC_WARN_UNINITIALIZED_AUTOS = YES;
				GCC_WARN_UNUSED_FUNCTION = YES;
				GCC_WARN_UNUSED_VARIABLE = YES;
				IPHONEOS_DEPLOYMENT_TARGET = 7.0;
				ONLY_ACTIVE_ARCH = YES;
				SDKROOT = iphoneos;
			};
			name = Debug;
		};
		F34F44E3192C1E7500800961 /* Release */ = {
			isa = XCBuildConfiguration;
			buildSettings = {
				ALWAYS_SEARCH_USER_PATHS = NO;
				ARCHS = "$(ARCHS_STANDARD_INCLUDING_64_BIT)";
				CLANG_CXX_LANGUAGE_STANDARD = "gnu++0x";
				CLANG_CXX_LIBRARY = "libc++";
				CLANG_ENABLE_MODULES = YES;
				CLANG_ENABLE_OBJC_ARC = YES;
				CLANG_WARN_BOOL_CONVERSION = YES;
				CLANG_WARN_CONSTANT_CONVERSION = YES;
				CLANG_WARN_DIRECT_OBJC_ISA_USAGE = YES_ERROR;
				CLANG_WARN_EMPTY_BODY = YES;
				CLANG_WARN_ENUM_CONVERSION = YES;
				CLANG_WARN_INT_CONVERSION = YES;
				CLANG_WARN_OBJC_ROOT_CLASS = YES_ERROR;
				CLANG_WARN__DUPLICATE_METHOD_MATCH = YES;
				"CODE_SIGN_IDENTITY[sdk=iphoneos*]" = "iPhone Developer";
				COPY_PHASE_STRIP = YES;
				ENABLE_NS_ASSERTIONS = NO;
				GCC_C_LANGUAGE_STANDARD = gnu99;
				GCC_WARN_64_TO_32_BIT_CONVERSION = YES;
				GCC_WARN_ABOUT_RETURN_TYPE = YES_ERROR;
				GCC_WARN_UNDECLARED_SELECTOR = YES;
				GCC_WARN_UNINITIALIZED_AUTOS = YES;
				GCC_WARN_UNUSED_FUNCTION = YES;
				GCC_WARN_UNUSED_VARIABLE = YES;
				IPHONEOS_DEPLOYMENT_TARGET = 7.0;
				SDKROOT = iphoneos;
				VALIDATE_PRODUCT = YES;
			};
			name = Release;
		};
		F34F44E5192C1E7500800961 /* Debug */ = {
			isa = XCBuildConfiguration;
			buildSettings = {
				ASSETCATALOG_COMPILER_APPICON_NAME = AppIcon;
				ASSETCATALOG_COMPILER_LAUNCHIMAGE_NAME = LaunchImage;
				GCC_PRECOMPILE_PREFIX_HEADER = YES;
				GCC_PREFIX_HEADER = "HelloWorld/HelloWorld-Prefix.pch";
				INFOPLIST_FILE = "HelloWorld/HelloWorld-Info.plist";
				PRODUCT_NAME = "$(TARGET_NAME)";
				WRAPPER_EXTENSION = app;
			};
			name = Debug;
		};
		F34F44E6192C1E7500800961 /* Release */ = {
			isa = XCBuildConfiguration;
			buildSettings = {
				ASSETCATALOG_COMPILER_APPICON_NAME = AppIcon;
				ASSETCATALOG_COMPILER_LAUNCHIMAGE_NAME = LaunchImage;
				GCC_PRECOMPILE_PREFIX_HEADER = YES;
				GCC_PREFIX_HEADER = "HelloWorld/HelloWorld-Prefix.pch";
				INFOPLIST_FILE = "HelloWorld/HelloWorld-Info.plist";
				PRODUCT_NAME = "$(TARGET_NAME)";
				WRAPPER_EXTENSION = app;
			};
			name = Release;
		};
		F34F44E8192C1E7500800961 /* Debug */ = {
			isa = XCBuildConfiguration;
			buildSettings = {
				ARCHS = "$(ARCHS_STANDARD_INCLUDING_64_BIT)";
				BUNDLE_LOADER = "$(BUILT_PRODUCTS_DIR)/HelloWorld.app/HelloWorld";
				FRAMEWORK_SEARCH_PATHS = (
					"$(SDKROOT)/Developer/Library/Frameworks",
					"$(inherited)",
					"$(DEVELOPER_FRAMEWORKS_DIR)",
				);
				GCC_PRECOMPILE_PREFIX_HEADER = YES;
				GCC_PREFIX_HEADER = "HelloWorld/HelloWorld-Prefix.pch";
				GCC_PREPROCESSOR_DEFINITIONS = (
					"DEBUG=1",
					"$(inherited)",
				);
				INFOPLIST_FILE = "HelloWorldTests/HelloWorldTests-Info.plist";
				PRODUCT_NAME = "$(TARGET_NAME)";
				TEST_HOST = "$(BUNDLE_LOADER)";
				WRAPPER_EXTENSION = xctest;
			};
			name = Debug;
		};
		F34F44E9192C1E7500800961 /* Release */ = {
			isa = XCBuildConfiguration;
			buildSettings = {
				ARCHS = "$(ARCHS_STANDARD_INCLUDING_64_BIT)";
				BUNDLE_LOADER = "$(BUILT_PRODUCTS_DIR)/HelloWorld.app/HelloWorld";
				FRAMEWORK_SEARCH_PATHS = (
					"$(SDKROOT)/Developer/Library/Frameworks",
					"$(inherited)",
					"$(DEVELOPER_FRAMEWORKS_DIR)",
				);
				GCC_PRECOMPILE_PREFIX_HEADER = YES;
				GCC_PREFIX_HEADER = "HelloWorld/HelloWorld-Prefix.pch";
				INFOPLIST_FILE = "HelloWorldTests/HelloWorldTests-Info.plist";
				PRODUCT_NAME = "$(TARGET_NAME)";
				TEST_HOST = "$(BUNDLE_LOADER)";
				WRAPPER_EXTENSION = xctest;
			};
			name = Release;
		};
/* End XCBuildConfiguration section */

/* Begin XCConfigurationList section */
		F34F44AD192C1E7500800961 /* Build configuration list for PBXProject "HelloWorld" */ = {
			isa = XCConfigurationList;
			buildConfigurations = (
				F34F44E2192C1E7500800961 /* Debug */,
				F34F44E3192C1E7500800961 /* Release */,
			);
			defaultConfigurationIsVisible = 0;
			defaultConfigurationName = Release;
		};
		F34F44E4192C1E7500800961 /* Build configuration list for PBXNativeTarget "HelloWorld" */ = {
			isa = XCConfigurationList;
			buildConfigurations = (
				F34F44E5192C1E7500800961 /* Debug */,
				F34F44E6192C1E7500800961 /* Release */,
			);
			defaultConfigurationIsVisible = 0;
		};
		F34F44E7192C1E7500800961 /* Build configuration list for PBXNativeTarget "HelloWorldTests" */ = {
			isa = XCConfigurationList;
			buildConfigurations = (
				F34F44E8192C1E7500800961 /* Debug */,
				F34F44E9192C1E7500800961 /* Release */,
			);
			defaultConfigurationIsVisible = 0;
		};
/* End XCConfigurationList section */
	};
	rootObject = F34F44AA192C1E7500800961 /* Project object */;
}
